
Microsoft Visual Studio Solution File, Format Version 12.00
# Visual Studio Version 18
VisualStudioVersion = 18.0.11217.181 d18.0
MinimumVisualStudioVersion = 10.0.40219.1
Project("{2150E333-8FDC-42A3-9474-1A3956D46DE8}") = "src", "src", "{827E0CD3-B72D-47B6-A68D-7590B98EB39B}"
EndProject
Project("{FAE04EC0-301F-11D3-BF4B-00C04F79EFBC}") = "Shared.Abstractions", "src\Shared.Abstractions\Shared.Abstractions.csproj", "{AB60E8E4-B949-40F1-8528-5AB5DD0100D1}"
	ProjectSection(ProjectDependencies) = postProject
		{1083598E-7690-4B52-A4EB-EDA5C9983294} = {1083598E-7690-4B52-A4EB-EDA5C9983294}
	EndProjectSection
EndProject
Project("{FAE04EC0-301F-11D3-BF4B-00C04F79EFBC}") = "Shared.Knowledge", "src\Shared.Knowledge\Shared.Knowledge.csproj", "{EAFCB0D0-5650-4FC6-90CA-7D7FFDB99E67}"
EndProject
Project("{FAE04EC0-301F-11D3-BF4B-00C04F79EFBC}") = "Orchestrator.App", "src\Orchestrator.App\Orchestrator.App.csproj", "{3B9EA578-8F20-4DE6-A2B6-8FA074F93DE4}"
EndProject
Project("{FAE04EC0-301F-11D3-BF4B-00C04F79EFBC}") = "Agents.PM", "src\Agents.PM\Agents.PM.csproj", "{63BF8D7F-E758-4FE8-A407-2420558DECD0}"
EndProject
Project("{FAE04EC0-301F-11D3-BF4B-00C04F79EFBC}") = "Agents.Dev", "src\Agents.Dev\Agents.Dev.csproj", "{B8B95F87-EB77-4CE3-BA6F-DD140F4F0B16}"
EndProject
Project("{FAE04EC0-301F-11D3-BF4B-00C04F79EFBC}") = "Gateway.Api", "src\Gateway.Api\Gateway.Api.csproj", "{55815FF5-B4ED-4D7D-968B-B368A1266262}"
EndProject
Project("{2150E333-8FDC-42A3-9474-1A3956D46DE8}") = "tests", "tests", "{0AB3BF05-4346-4AA6-1389-037BE0695223}"
EndProject
Project("{FAE04EC0-301F-11D3-BF4B-00C04F79EFBC}") = "MultiAgentSystem.Tests", "tests\MultiAgentSystem.Tests\MultiAgentSystem.Tests.csproj", "{11D9A167-DD02-49E2-A039-52550AE1302F}"
EndProject
Project("{FAE04EC0-301F-11D3-BF4B-00C04F79EFBC}") = "Agents.PO", "src\Agents.PO\Agents.PO.csproj", "{5807551C-D530-4A4B-B95C-6AE92776AA4C}"
EndProject
Project("{FAE04EC0-301F-11D3-BF4B-00C04F79EFBC}") = "Agents.UX", "src\Agents.UX\Agents.UX.csproj", "{1F40994D-539B-4461-B7A0-3523DB3763EF}"
EndProject
Project("{FAE04EC0-301F-11D3-BF4B-00C04F79EFBC}") = "Agents.UR", "src\Agents.UR\Agents.UR.csproj", "{27E2A0F1-0F46-4619-A8E1-3D5E44386FCB}"
EndProject
Project("{FAE04EC0-301F-11D3-BF4B-00C04F79EFBC}") = "Gateway.Blazor", "src\Gateway.Blazor\Gateway.Blazor.csproj", "{1083598E-7690-4B52-A4EB-EDA5C9983294}"
EndProject
Global
	GlobalSection(SolutionConfigurationPlatforms) = preSolution
		Debug|Any CPU = Debug|Any CPU
		Debug|x64 = Debug|x64
		Debug|x86 = Debug|x86
		Release|Any CPU = Release|Any CPU
		Release|x64 = Release|x64
		Release|x86 = Release|x86
	EndGlobalSection
	GlobalSection(ProjectConfigurationPlatforms) = postSolution
		{AB60E8E4-B949-40F1-8528-5AB5DD0100D1}.Debug|Any CPU.ActiveCfg = Debug|Any CPU
		{AB60E8E4-B949-40F1-8528-5AB5DD0100D1}.Debug|Any CPU.Build.0 = Debug|Any CPU
		{AB60E8E4-B949-40F1-8528-5AB5DD0100D1}.Debug|x64.ActiveCfg = Debug|Any CPU
		{AB60E8E4-B949-40F1-8528-5AB5DD0100D1}.Debug|x64.Build.0 = Debug|Any CPU
		{AB60E8E4-B949-40F1-8528-5AB5DD0100D1}.Debug|x86.ActiveCfg = Debug|Any CPU
		{AB60E8E4-B949-40F1-8528-5AB5DD0100D1}.Debug|x86.Build.0 = Debug|Any CPU
		{AB60E8E4-B949-40F1-8528-5AB5DD0100D1}.Release|Any CPU.ActiveCfg = Release|Any CPU
		{AB60E8E4-B949-40F1-8528-5AB5DD0100D1}.Release|Any CPU.Build.0 = Release|Any CPU
		{AB60E8E4-B949-40F1-8528-5AB5DD0100D1}.Release|x64.ActiveCfg = Release|Any CPU
		{AB60E8E4-B949-40F1-8528-5AB5DD0100D1}.Release|x64.Build.0 = Release|Any CPU
		{AB60E8E4-B949-40F1-8528-5AB5DD0100D1}.Release|x86.ActiveCfg = Release|Any CPU
		{AB60E8E4-B949-40F1-8528-5AB5DD0100D1}.Release|x86.Build.0 = Release|Any CPU
		{EAFCB0D0-5650-4FC6-90CA-7D7FFDB99E67}.Debug|Any CPU.ActiveCfg = Debug|Any CPU
		{EAFCB0D0-5650-4FC6-90CA-7D7FFDB99E67}.Debug|Any CPU.Build.0 = Debug|Any CPU
		{EAFCB0D0-5650-4FC6-90CA-7D7FFDB99E67}.Debug|x64.ActiveCfg = Debug|Any CPU
		{EAFCB0D0-5650-4FC6-90CA-7D7FFDB99E67}.Debug|x64.Build.0 = Debug|Any CPU
		{EAFCB0D0-5650-4FC6-90CA-7D7FFDB99E67}.Debug|x86.ActiveCfg = Debug|Any CPU
		{EAFCB0D0-5650-4FC6-90CA-7D7FFDB99E67}.Debug|x86.Build.0 = Debug|Any CPU
		{EAFCB0D0-5650-4FC6-90CA-7D7FFDB99E67}.Release|Any CPU.ActiveCfg = Release|Any CPU
		{EAFCB0D0-5650-4FC6-90CA-7D7FFDB99E67}.Release|Any CPU.Build.0 = Release|Any CPU
		{EAFCB0D0-5650-4FC6-90CA-7D7FFDB99E67}.Release|x64.ActiveCfg = Release|Any CPU
		{EAFCB0D0-5650-4FC6-90CA-7D7FFDB99E67}.Release|x64.Build.0 = Release|Any CPU
		{EAFCB0D0-5650-4FC6-90CA-7D7FFDB99E67}.Release|x86.ActiveCfg = Release|Any CPU
		{EAFCB0D0-5650-4FC6-90CA-7D7FFDB99E67}.Release|x86.Build.0 = Release|Any CPU
		{3B9EA578-8F20-4DE6-A2B6-8FA074F93DE4}.Debug|Any CPU.ActiveCfg = Debug|Any CPU
		{3B9EA578-8F20-4DE6-A2B6-8FA074F93DE4}.Debug|Any CPU.Build.0 = Debug|Any CPU
		{3B9EA578-8F20-4DE6-A2B6-8FA074F93DE4}.Debug|x64.ActiveCfg = Debug|Any CPU
		{3B9EA578-8F20-4DE6-A2B6-8FA074F93DE4}.Debug|x64.Build.0 = Debug|Any CPU
		{3B9EA578-8F20-4DE6-A2B6-8FA074F93DE4}.Debug|x86.ActiveCfg = Debug|Any CPU
		{3B9EA578-8F20-4DE6-A2B6-8FA074F93DE4}.Debug|x86.Build.0 = Debug|Any CPU
		{3B9EA578-8F20-4DE6-A2B6-8FA074F93DE4}.Release|Any CPU.ActiveCfg = Release|Any CPU
		{3B9EA578-8F20-4DE6-A2B6-8FA074F93DE4}.Release|Any CPU.Build.0 = Release|Any CPU
		{3B9EA578-8F20-4DE6-A2B6-8FA074F93DE4}.Release|x64.ActiveCfg = Release|Any CPU
		{3B9EA578-8F20-4DE6-A2B6-8FA074F93DE4}.Release|x64.Build.0 = Release|Any CPU
		{3B9EA578-8F20-4DE6-A2B6-8FA074F93DE4}.Release|x86.ActiveCfg = Release|Any CPU
		{3B9EA578-8F20-4DE6-A2B6-8FA074F93DE4}.Release|x86.Build.0 = Release|Any CPU
		{63BF8D7F-E758-4FE8-A407-2420558DECD0}.Debug|Any CPU.ActiveCfg = Debug|Any CPU
		{63BF8D7F-E758-4FE8-A407-2420558DECD0}.Debug|Any CPU.Build.0 = Debug|Any CPU
		{63BF8D7F-E758-4FE8-A407-2420558DECD0}.Debug|x64.ActiveCfg = Debug|Any CPU
		{63BF8D7F-E758-4FE8-A407-2420558DECD0}.Debug|x64.Build.0 = Debug|Any CPU
		{63BF8D7F-E758-4FE8-A407-2420558DECD0}.Debug|x86.ActiveCfg = Debug|Any CPU
		{63BF8D7F-E758-4FE8-A407-2420558DECD0}.Debug|x86.Build.0 = Debug|Any CPU
		{63BF8D7F-E758-4FE8-A407-2420558DECD0}.Release|Any CPU.ActiveCfg = Release|Any CPU
		{63BF8D7F-E758-4FE8-A407-2420558DECD0}.Release|Any CPU.Build.0 = Release|Any CPU
		{63BF8D7F-E758-4FE8-A407-2420558DECD0}.Release|x64.ActiveCfg = Release|Any CPU
		{63BF8D7F-E758-4FE8-A407-2420558DECD0}.Release|x64.Build.0 = Release|Any CPU
		{63BF8D7F-E758-4FE8-A407-2420558DECD0}.Release|x86.ActiveCfg = Release|Any CPU
		{63BF8D7F-E758-4FE8-A407-2420558DECD0}.Release|x86.Build.0 = Release|Any CPU
		{B8B95F87-EB77-4CE3-BA6F-DD140F4F0B16}.Debug|Any CPU.ActiveCfg = Debug|Any CPU
		{B8B95F87-EB77-4CE3-BA6F-DD140F4F0B16}.Debug|Any CPU.Build.0 = Debug|Any CPU
		{B8B95F87-EB77-4CE3-BA6F-DD140F4F0B16}.Debug|x64.ActiveCfg = Debug|Any CPU
		{B8B95F87-EB77-4CE3-BA6F-DD140F4F0B16}.Debug|x64.Build.0 = Debug|Any CPU
		{B8B95F87-EB77-4CE3-BA6F-DD140F4F0B16}.Debug|x86.ActiveCfg = Debug|Any CPU
		{B8B95F87-EB77-4CE3-BA6F-DD140F4F0B16}.Debug|x86.Build.0 = Debug|Any CPU
		{B8B95F87-EB77-4CE3-BA6F-DD140F4F0B16}.Release|Any CPU.ActiveCfg = Release|Any CPU
		{B8B95F87-EB77-4CE3-BA6F-DD140F4F0B16}.Release|Any CPU.Build.0 = Release|Any CPU
		{B8B95F87-EB77-4CE3-BA6F-DD140F4F0B16}.Release|x64.ActiveCfg = Release|Any CPU
		{B8B95F87-EB77-4CE3-BA6F-DD140F4F0B16}.Release|x64.Build.0 = Release|Any CPU
		{B8B95F87-EB77-4CE3-BA6F-DD140F4F0B16}.Release|x86.ActiveCfg = Release|Any CPU
		{B8B95F87-EB77-4CE3-BA6F-DD140F4F0B16}.Release|x86.Build.0 = Release|Any CPU
		{55815FF5-B4ED-4D7D-968B-B368A1266262}.Debug|Any CPU.ActiveCfg = Debug|Any CPU
		{55815FF5-B4ED-4D7D-968B-B368A1266262}.Debug|Any CPU.Build.0 = Debug|Any CPU
		{55815FF5-B4ED-4D7D-968B-B368A1266262}.Debug|x64.ActiveCfg = Debug|Any CPU
		{55815FF5-B4ED-4D7D-968B-B368A1266262}.Debug|x64.Build.0 = Debug|Any CPU
		{55815FF5-B4ED-4D7D-968B-B368A1266262}.Debug|x86.ActiveCfg = Debug|Any CPU
		{55815FF5-B4ED-4D7D-968B-B368A1266262}.Debug|x86.Build.0 = Debug|Any CPU
		{55815FF5-B4ED-4D7D-968B-B368A1266262}.Release|Any CPU.ActiveCfg = Release|Any CPU
		{55815FF5-B4ED-4D7D-968B-B368A1266262}.Release|Any CPU.Build.0 = Release|Any CPU
		{55815FF5-B4ED-4D7D-968B-B368A1266262}.Release|x64.ActiveCfg = Release|Any CPU
		{55815FF5-B4ED-4D7D-968B-B368A1266262}.Release|x64.Build.0 = Release|Any CPU
		{55815FF5-B4ED-4D7D-968B-B368A1266262}.Release|x86.ActiveCfg = Release|Any CPU
		{55815FF5-B4ED-4D7D-968B-B368A1266262}.Release|x86.Build.0 = Release|Any CPU
		{11D9A167-DD02-49E2-A039-52550AE1302F}.Debug|Any CPU.ActiveCfg = Debug|Any CPU
		{11D9A167-DD02-49E2-A039-52550AE1302F}.Debug|Any CPU.Build.0 = Debug|Any CPU
		{11D9A167-DD02-49E2-A039-52550AE1302F}.Debug|x64.ActiveCfg = Debug|Any CPU
		{11D9A167-DD02-49E2-A039-52550AE1302F}.Debug|x64.Build.0 = Debug|Any CPU
		{11D9A167-DD02-49E2-A039-52550AE1302F}.Debug|x86.ActiveCfg = Debug|Any CPU
		{11D9A167-DD02-49E2-A039-52550AE1302F}.Debug|x86.Build.0 = Debug|Any CPU
		{11D9A167-DD02-49E2-A039-52550AE1302F}.Release|Any CPU.ActiveCfg = Release|Any CPU
		{11D9A167-DD02-49E2-A039-52550AE1302F}.Release|Any CPU.Build.0 = Release|Any CPU
		{11D9A167-DD02-49E2-A039-52550AE1302F}.Release|x64.ActiveCfg = Release|Any CPU
		{11D9A167-DD02-49E2-A039-52550AE1302F}.Release|x64.Build.0 = Release|Any CPU
		{11D9A167-DD02-49E2-A039-52550AE1302F}.Release|x86.ActiveCfg = Release|Any CPU
		{11D9A167-DD02-49E2-A039-52550AE1302F}.Release|x86.Build.0 = Release|Any CPU
		{5807551C-D530-4A4B-B95C-6AE92776AA4C}.Debug|Any CPU.ActiveCfg = Debug|Any CPU
		{5807551C-D530-4A4B-B95C-6AE92776AA4C}.Debug|Any CPU.Build.0 = Debug|Any CPU
		{5807551C-D530-4A4B-B95C-6AE92776AA4C}.Debug|x64.ActiveCfg = Debug|Any CPU
		{5807551C-D530-4A4B-B95C-6AE92776AA4C}.Debug|x64.Build.0 = Debug|Any CPU
		{5807551C-D530-4A4B-B95C-6AE92776AA4C}.Debug|x86.ActiveCfg = Debug|Any CPU
		{5807551C-D530-4A4B-B95C-6AE92776AA4C}.Debug|x86.Build.0 = Debug|Any CPU
		{5807551C-D530-4A4B-B95C-6AE92776AA4C}.Release|Any CPU.ActiveCfg = Release|Any CPU
		{5807551C-D530-4A4B-B95C-6AE92776AA4C}.Release|Any CPU.Build.0 = Release|Any CPU
		{5807551C-D530-4A4B-B95C-6AE92776AA4C}.Release|x64.ActiveCfg = Release|Any CPU
		{5807551C-D530-4A4B-B95C-6AE92776AA4C}.Release|x64.Build.0 = Release|Any CPU
		{5807551C-D530-4A4B-B95C-6AE92776AA4C}.Release|x86.ActiveCfg = Release|Any CPU
		{5807551C-D530-4A4B-B95C-6AE92776AA4C}.Release|x86.Build.0 = Release|Any CPU
		{1F40994D-539B-4461-B7A0-3523DB3763EF}.Debug|Any CPU.ActiveCfg = Debug|Any CPU
		{1F40994D-539B-4461-B7A0-3523DB3763EF}.Debug|Any CPU.Build.0 = Debug|Any CPU
		{1F40994D-539B-4461-B7A0-3523DB3763EF}.Debug|x64.ActiveCfg = Debug|Any CPU
		{1F40994D-539B-4461-B7A0-3523DB3763EF}.Debug|x64.Build.0 = Debug|Any CPU
		{1F40994D-539B-4461-B7A0-3523DB3763EF}.Debug|x86.ActiveCfg = Debug|Any CPU
		{1F40994D-539B-4461-B7A0-3523DB3763EF}.Debug|x86.Build.0 = Debug|Any CPU
		{1F40994D-539B-4461-B7A0-3523DB3763EF}.Release|Any CPU.ActiveCfg = Release|Any CPU
		{1F40994D-539B-4461-B7A0-3523DB3763EF}.Release|Any CPU.Build.0 = Release|Any CPU
		{1F40994D-539B-4461-B7A0-3523DB3763EF}.Release|x64.ActiveCfg = Release|Any CPU
		{1F40994D-539B-4461-B7A0-3523DB3763EF}.Release|x64.Build.0 = Release|Any CPU
		{1F40994D-539B-4461-B7A0-3523DB3763EF}.Release|x86.ActiveCfg = Release|Any CPU
		{1F40994D-539B-4461-B7A0-3523DB3763EF}.Release|x86.Build.0 = Release|Any CPU
		{27E2A0F1-0F46-4619-A8E1-3D5E44386FCB}.Debug|Any CPU.ActiveCfg = Debug|Any CPU
		{27E2A0F1-0F46-4619-A8E1-3D5E44386FCB}.Debug|Any CPU.Build.0 = Debug|Any CPU
		{27E2A0F1-0F46-4619-A8E1-3D5E44386FCB}.Debug|x64.ActiveCfg = Debug|Any CPU
		{27E2A0F1-0F46-4619-A8E1-3D5E44386FCB}.Debug|x64.Build.0 = Debug|Any CPU
		{27E2A0F1-0F46-4619-A8E1-3D5E44386FCB}.Debug|x86.ActiveCfg = Debug|Any CPU
		{27E2A0F1-0F46-4619-A8E1-3D5E44386FCB}.Debug|x86.Build.0 = Debug|Any CPU
		{27E2A0F1-0F46-4619-A8E1-3D5E44386FCB}.Release|Any CPU.ActiveCfg = Release|Any CPU
		{27E2A0F1-0F46-4619-A8E1-3D5E44386FCB}.Release|Any CPU.Build.0 = Release|Any CPU
		{27E2A0F1-0F46-4619-A8E1-3D5E44386FCB}.Release|x64.ActiveCfg = Release|Any CPU
		{27E2A0F1-0F46-4619-A8E1-3D5E44386FCB}.Release|x64.Build.0 = Release|Any CPU
		{27E2A0F1-0F46-4619-A8E1-3D5E44386FCB}.Release|x86.ActiveCfg = Release|Any CPU
		{27E2A0F1-0F46-4619-A8E1-3D5E44386FCB}.Release|x86.Build.0 = Release|Any CPU
		{1083598E-7690-4B52-A4EB-EDA5C9983294}.Debug|Any CPU.ActiveCfg = Debug|Any CPU
		{1083598E-7690-4B52-A4EB-EDA5C9983294}.Debug|Any CPU.Build.0 = Debug|Any CPU
		{1083598E-7690-4B52-A4EB-EDA5C9983294}.Debug|x64.ActiveCfg = Debug|Any CPU
		{1083598E-7690-4B52-A4EB-EDA5C9983294}.Debug|x64.Build.0 = Debug|Any CPU
		{1083598E-7690-4B52-A4EB-EDA5C9983294}.Debug|x86.ActiveCfg = Debug|Any CPU
		{1083598E-7690-4B52-A4EB-EDA5C9983294}.Debug|x86.Build.0 = Debug|Any CPU
		{1083598E-7690-4B52-A4EB-EDA5C9983294}.Release|Any CPU.ActiveCfg = Release|Any CPU
		{1083598E-7690-4B52-A4EB-EDA5C9983294}.Release|Any CPU.Build.0 = Release|Any CPU
		{1083598E-7690-4B52-A4EB-EDA5C9983294}.Release|x64.ActiveCfg = Release|Any CPU
		{1083598E-7690-4B52-A4EB-EDA5C9983294}.Release|x64.Build.0 = Release|Any CPU
		{1083598E-7690-4B52-A4EB-EDA5C9983294}.Release|x86.ActiveCfg = Release|Any CPU
		{1083598E-7690-4B52-A4EB-EDA5C9983294}.Release|x86.Build.0 = Release|Any CPU
	EndGlobalSection
	GlobalSection(SolutionProperties) = preSolution
		HideSolutionNode = FALSE
	EndGlobalSection
	GlobalSection(NestedProjects) = preSolution
		{AB60E8E4-B949-40F1-8528-5AB5DD0100D1} = {827E0CD3-B72D-47B6-A68D-7590B98EB39B}
		{EAFCB0D0-5650-4FC6-90CA-7D7FFDB99E67} = {827E0CD3-B72D-47B6-A68D-7590B98EB39B}
		{3B9EA578-8F20-4DE6-A2B6-8FA074F93DE4} = {827E0CD3-B72D-47B6-A68D-7590B98EB39B}
		{63BF8D7F-E758-4FE8-A407-2420558DECD0} = {827E0CD3-B72D-47B6-A68D-7590B98EB39B}
		{B8B95F87-EB77-4CE3-BA6F-DD140F4F0B16} = {827E0CD3-B72D-47B6-A68D-7590B98EB39B}
		{55815FF5-B4ED-4D7D-968B-B368A1266262} = {827E0CD3-B72D-47B6-A68D-7590B98EB39B}
		{11D9A167-DD02-49E2-A039-52550AE1302F} = {0AB3BF05-4346-4AA6-1389-037BE0695223}
		{5807551C-D530-4A4B-B95C-6AE92776AA4C} = {827E0CD3-B72D-47B6-A68D-7590B98EB39B}
		{1F40994D-539B-4461-B7A0-3523DB3763EF} = {827E0CD3-B72D-47B6-A68D-7590B98EB39B}
		{27E2A0F1-0F46-4619-A8E1-3D5E44386FCB} = {827E0CD3-B72D-47B6-A68D-7590B98EB39B}
		{1083598E-7690-4B52-A4EB-EDA5C9983294} = {827E0CD3-B72D-47B6-A68D-7590B98EB39B}
	EndGlobalSection
EndGlobal
